
Microsoft Visual Studio Solution File, Format Version 12.00
# Visual Studio Version 17
VisualStudioVersion = 17.0.32126.317
MinimumVisualStudioVersion = 10.0.40219.1
Project("{FAE04EC0-301F-11D3-BF4B-00C04F79EFBC}") = "TaskOnePartTwo", "TaskOnePartTwo\TaskOnePartTwo.csproj", "{C19F7EBE-96B3-4CFD-9BCE-24751CE468DD}"
EndProject
Global
	GlobalSection(SolutionConfigurationPlatforms) = preSolution
		Debug|Any CPU = Debug|Any CPU
		Release|Any CPU = Release|Any CPU
	EndGlobalSection
	GlobalSection(ProjectConfigurationPlatforms) = postSolution
		{C19F7EBE-96B3-4CFD-9BCE-24751CE468DD}.Debug|Any CPU.ActiveCfg = Debug|Any CPU
		{C19F7EBE-96B3-4CFD-9BCE-24751CE468DD}.Debug|Any CPU.Build.0 = Debug|Any CPU
		{C19F7EBE-96B3-4CFD-9BCE-24751CE468DD}.Release|Any CPU.ActiveCfg = Release|Any CPU
		{C19F7EBE-96B3-4CFD-9BCE-24751CE468DD}.Release|Any CPU.Build.0 = Release|Any CPU
	EndGlobalSection
	GlobalSection(SolutionProperties) = preSolution
		HideSolutionNode = FALSE
	EndGlobalSection
	GlobalSection(ExtensibilityGlobals) = postSolution
		SolutionGuid = {5C67C496-D37F-4B73-B310-32056C66C907}
	EndGlobalSection
EndGlobal
